// !$*UTF8*$!
{
	archiveVersion = 1;
	classes = {
	};
	objectVersion = 50;
	objects = {

/* Begin PBXBuildFile section */
		5413327A26BEC3C300940953 /* Config.swift in Sources */ = {isa = PBXBuildFile; fileRef = 5413327926BEC3C300940953 /* Config.swift */; };
		5413327F26BEC73D00940953 /* ApiClient.swift in Sources */ = {isa = PBXBuildFile; fileRef = 5413327E26BEC73D00940953 /* ApiClient.swift */; };
		5467694326A9EF6300DDD5E8 /* MeshikokoAppApp.swift in Sources */ = {isa = PBXBuildFile; fileRef = 5467694226A9EF6300DDD5E8 /* MeshikokoAppApp.swift */; };
		5467694526A9EF6300DDD5E8 /* ContentView.swift in Sources */ = {isa = PBXBuildFile; fileRef = 5467694426A9EF6300DDD5E8 /* ContentView.swift */; };
		5467694726A9EF6A00DDD5E8 /* Assets.xcassets in Resources */ = {isa = PBXBuildFile; fileRef = 5467694626A9EF6A00DDD5E8 /* Assets.xcassets */; };
		5467694A26A9EF6A00DDD5E8 /* Preview Assets.xcassets in Resources */ = {isa = PBXBuildFile; fileRef = 5467694926A9EF6A00DDD5E8 /* Preview Assets.xcassets */; };
		5467695526A9EF6A00DDD5E8 /* MeshikokoAppTests.swift in Sources */ = {isa = PBXBuildFile; fileRef = 5467695426A9EF6A00DDD5E8 /* MeshikokoAppTests.swift */; };
		5467696026A9EF6A00DDD5E8 /* MeshikokoAppUITests.swift in Sources */ = {isa = PBXBuildFile; fileRef = 5467695F26A9EF6A00DDD5E8 /* MeshikokoAppUITests.swift */; };
		5467697126A9F69100DDD5E8 /* RestaurantDetail.swift in Sources */ = {isa = PBXBuildFile; fileRef = 5467697026A9F69100DDD5E8 /* RestaurantDetail.swift */; };
		5467697626A9FB4900DDD5E8 /* MapView.swift in Sources */ = {isa = PBXBuildFile; fileRef = 5467697526A9FB4900DDD5E8 /* MapView.swift */; };
		54CA7D4A26AA9CE700112420 /* Restaurant.swift in Sources */ = {isa = PBXBuildFile; fileRef = 54CA7D4926AA9CE700112420 /* Restaurant.swift */; };
		54CA7D5226AABB0D00112420 /* restaurants.json in Resources */ = {isa = PBXBuildFile; fileRef = 54CA7D5126AABB0D00112420 /* restaurants.json */; };
		54CA7D5726AABCA900112420 /* RestaurantsList.swift in Sources */ = {isa = PBXBuildFile; fileRef = 54CA7D5626AABCA900112420 /* RestaurantsList.swift */; };
		54CA7D5C26AABCF600112420 /* RestaurantRow.swift in Sources */ = {isa = PBXBuildFile; fileRef = 54CA7D5B26AABCF600112420 /* RestaurantRow.swift */; };
		54D9F27526AD70B50004A5FC /* FetchRestaurantList.swift in Sources */ = {isa = PBXBuildFile; fileRef = 54D9F27426AD70B50004A5FC /* FetchRestaurantList.swift */; };
		54D9F27A26ADAD660004A5FC /* CreateRestaurant.swift in Sources */ = {isa = PBXBuildFile; fileRef = 54D9F27926ADAD660004A5FC /* CreateRestaurant.swift */; };
/* End PBXBuildFile section */

/* Begin PBXContainerItemProxy section */
		5467695126A9EF6A00DDD5E8 /* PBXContainerItemProxy */ = {
			isa = PBXContainerItemProxy;
			containerPortal = 5467693726A9EF6300DDD5E8 /* Project object */;
			proxyType = 1;
			remoteGlobalIDString = 5467693E26A9EF6300DDD5E8;
			remoteInfo = MeshikokoApp;
		};
		5467695C26A9EF6A00DDD5E8 /* PBXContainerItemProxy */ = {
			isa = PBXContainerItemProxy;
			containerPortal = 5467693726A9EF6300DDD5E8 /* Project object */;
			proxyType = 1;
			remoteGlobalIDString = 5467693E26A9EF6300DDD5E8;
			remoteInfo = MeshikokoApp;
		};
/* End PBXContainerItemProxy section */

/* Begin PBXFileReference section */
		5413327926BEC3C300940953 /* Config.swift */ = {isa = PBXFileReference; lastKnownFileType = sourcecode.swift; path = Config.swift; sourceTree = "<group>"; };
		5413327E26BEC73D00940953 /* ApiClient.swift */ = {isa = PBXFileReference; lastKnownFileType = sourcecode.swift; path = ApiClient.swift; sourceTree = "<group>"; };
		5467693F26A9EF6300DDD5E8 /* MeshikokoApp.app */ = {isa = PBXFileReference; explicitFileType = wrapper.application; includeInIndex = 0; path = MeshikokoApp.app; sourceTree = BUILT_PRODUCTS_DIR; };
		5467694226A9EF6300DDD5E8 /* MeshikokoAppApp.swift */ = {isa = PBXFileReference; lastKnownFileType = sourcecode.swift; path = MeshikokoAppApp.swift; sourceTree = "<group>"; };
		5467694426A9EF6300DDD5E8 /* ContentView.swift */ = {isa = PBXFileReference; lastKnownFileType = sourcecode.swift; path = ContentView.swift; sourceTree = "<group>"; };
		5467694626A9EF6A00DDD5E8 /* Assets.xcassets */ = {isa = PBXFileReference; lastKnownFileType = folder.assetcatalog; path = Assets.xcassets; sourceTree = "<group>"; };
		5467694926A9EF6A00DDD5E8 /* Preview Assets.xcassets */ = {isa = PBXFileReference; lastKnownFileType = folder.assetcatalog; path = "Preview Assets.xcassets"; sourceTree = "<group>"; };
		5467694B26A9EF6A00DDD5E8 /* Info.plist */ = {isa = PBXFileReference; lastKnownFileType = text.plist.xml; path = Info.plist; sourceTree = "<group>"; };
		5467695026A9EF6A00DDD5E8 /* MeshikokoAppTests.xctest */ = {isa = PBXFileReference; explicitFileType = wrapper.cfbundle; includeInIndex = 0; path = MeshikokoAppTests.xctest; sourceTree = BUILT_PRODUCTS_DIR; };
		5467695426A9EF6A00DDD5E8 /* MeshikokoAppTests.swift */ = {isa = PBXFileReference; lastKnownFileType = sourcecode.swift; path = MeshikokoAppTests.swift; sourceTree = "<group>"; };
		5467695626A9EF6A00DDD5E8 /* Info.plist */ = {isa = PBXFileReference; lastKnownFileType = text.plist.xml; path = Info.plist; sourceTree = "<group>"; };
		5467695B26A9EF6A00DDD5E8 /* MeshikokoAppUITests.xctest */ = {isa = PBXFileReference; explicitFileType = wrapper.cfbundle; includeInIndex = 0; path = MeshikokoAppUITests.xctest; sourceTree = BUILT_PRODUCTS_DIR; };
		5467695F26A9EF6A00DDD5E8 /* MeshikokoAppUITests.swift */ = {isa = PBXFileReference; lastKnownFileType = sourcecode.swift; path = MeshikokoAppUITests.swift; sourceTree = "<group>"; };
		5467696126A9EF6A00DDD5E8 /* Info.plist */ = {isa = PBXFileReference; lastKnownFileType = text.plist.xml; path = Info.plist; sourceTree = "<group>"; };
		5467697026A9F69100DDD5E8 /* RestaurantDetail.swift */ = {isa = PBXFileReference; lastKnownFileType = sourcecode.swift; path = RestaurantDetail.swift; sourceTree = "<group>"; };
		5467697526A9FB4900DDD5E8 /* MapView.swift */ = {isa = PBXFileReference; lastKnownFileType = sourcecode.swift; path = MapView.swift; sourceTree = "<group>"; };
		54CA7D4926AA9CE700112420 /* Restaurant.swift */ = {isa = PBXFileReference; lastKnownFileType = sourcecode.swift; path = Restaurant.swift; sourceTree = "<group>"; };
		54CA7D5126AABB0D00112420 /* restaurants.json */ = {isa = PBXFileReference; lastKnownFileType = text.json; path = restaurants.json; sourceTree = "<group>"; };
		54CA7D5626AABCA900112420 /* RestaurantsList.swift */ = {isa = PBXFileReference; lastKnownFileType = sourcecode.swift; path = RestaurantsList.swift; sourceTree = "<group>"; };
		54CA7D5B26AABCF600112420 /* RestaurantRow.swift */ = {isa = PBXFileReference; lastKnownFileType = sourcecode.swift; path = RestaurantRow.swift; sourceTree = "<group>"; };
		54D9F27426AD70B50004A5FC /* FetchRestaurantList.swift */ = {isa = PBXFileReference; lastKnownFileType = sourcecode.swift; path = FetchRestaurantList.swift; sourceTree = "<group>"; };
		54D9F27926ADAD660004A5FC /* CreateRestaurant.swift */ = {isa = PBXFileReference; lastKnownFileType = sourcecode.swift; path = CreateRestaurant.swift; sourceTree = "<group>"; };
/* End PBXFileReference section */

/* Begin PBXFrameworksBuildPhase section */
		5467693C26A9EF6300DDD5E8 /* Frameworks */ = {
			isa = PBXFrameworksBuildPhase;
			buildActionMask = 2147483647;
			files = (
			);
			runOnlyForDeploymentPostprocessing = 0;
		};
		5467694D26A9EF6A00DDD5E8 /* Frameworks */ = {
			isa = PBXFrameworksBuildPhase;
			buildActionMask = 2147483647;
			files = (
			);
			runOnlyForDeploymentPostprocessing = 0;
		};
		5467695826A9EF6A00DDD5E8 /* Frameworks */ = {
			isa = PBXFrameworksBuildPhase;
			buildActionMask = 2147483647;
			files = (
			);
			runOnlyForDeploymentPostprocessing = 0;
		};
/* End PBXFrameworksBuildPhase section */

/* Begin PBXGroup section */
		5467693626A9EF6300DDD5E8 = {
			isa = PBXGroup;
			children = (
				5467694126A9EF6300DDD5E8 /* MeshikokoApp */,
				5467695326A9EF6A00DDD5E8 /* MeshikokoAppTests */,
				5467695E26A9EF6A00DDD5E8 /* MeshikokoAppUITests */,
				5467694026A9EF6300DDD5E8 /* Products */,
			);
			sourceTree = "<group>";
		};
		5467694026A9EF6300DDD5E8 /* Products */ = {
			isa = PBXGroup;
			children = (
				5467693F26A9EF6300DDD5E8 /* MeshikokoApp.app */,
				5467695026A9EF6A00DDD5E8 /* MeshikokoAppTests.xctest */,
				5467695B26A9EF6A00DDD5E8 /* MeshikokoAppUITests.xctest */,
			);
			name = Products;
			sourceTree = "<group>";
		};
		5467694126A9EF6300DDD5E8 /* MeshikokoApp */ = {
			isa = PBXGroup;
			children = (
				54CA7D4926AA9CE700112420 /* Restaurant.swift */,
				54CA7D5126AABB0D00112420 /* restaurants.json */,
				5467694226A9EF6300DDD5E8 /* MeshikokoAppApp.swift */,
				5467697A26A9FB5700DDD5E8 /* Views */,
				5467694626A9EF6A00DDD5E8 /* Assets.xcassets */,
				5467694B26A9EF6A00DDD5E8 /* Info.plist */,
				5467694826A9EF6A00DDD5E8 /* Preview Content */,
				54D9F27426AD70B50004A5FC /* FetchRestaurantList.swift */,
				5413327E26BEC73D00940953 /* ApiClient.swift */,
				5413327926BEC3C300940953 /* Config.swift */,
			);
			path = MeshikokoApp;
			sourceTree = "<group>";
		};
		5467694826A9EF6A00DDD5E8 /* Preview Content */ = {
			isa = PBXGroup;
			children = (
				5467694926A9EF6A00DDD5E8 /* Preview Assets.xcassets */,
			);
			path = "Preview Content";
			sourceTree = "<group>";
		};
		5467695326A9EF6A00DDD5E8 /* MeshikokoAppTests */ = {
			isa = PBXGroup;
			children = (
				5467695426A9EF6A00DDD5E8 /* MeshikokoAppTests.swift */,
				5467695626A9EF6A00DDD5E8 /* Info.plist */,
			);
			path = MeshikokoAppTests;
			sourceTree = "<group>";
		};
		5467695E26A9EF6A00DDD5E8 /* MeshikokoAppUITests */ = {
			isa = PBXGroup;
			children = (
				5467695F26A9EF6A00DDD5E8 /* MeshikokoAppUITests.swift */,
				5467696126A9EF6A00DDD5E8 /* Info.plist */,
			);
			path = MeshikokoAppUITests;
			sourceTree = "<group>";
		};
		5467697A26A9FB5700DDD5E8 /* Views */ = {
			isa = PBXGroup;
			children = (
				5467694426A9EF6300DDD5E8 /* ContentView.swift */,
				5467697026A9F69100DDD5E8 /* RestaurantDetail.swift */,
				5467697526A9FB4900DDD5E8 /* MapView.swift */,
				54CA7D5626AABCA900112420 /* RestaurantsList.swift */,
				54CA7D5B26AABCF600112420 /* RestaurantRow.swift */,
				54D9F27926ADAD660004A5FC /* CreateRestaurant.swift */,
			);
			path = Views;
			sourceTree = "<group>";
		};
/* End PBXGroup section */

/* Begin PBXNativeTarget section */
		5467693E26A9EF6300DDD5E8 /* MeshikokoApp */ = {
			isa = PBXNativeTarget;
			buildConfigurationList = 5467696426A9EF6A00DDD5E8 /* Build configuration list for PBXNativeTarget "MeshikokoApp" */;
			buildPhases = (
				5467693B26A9EF6300DDD5E8 /* Sources */,
				5467693C26A9EF6300DDD5E8 /* Frameworks */,
				5467693D26A9EF6300DDD5E8 /* Resources */,
			);
			buildRules = (
			);
			dependencies = (
			);
			name = MeshikokoApp;
			productName = MeshikokoApp;
			productReference = 5467693F26A9EF6300DDD5E8 /* MeshikokoApp.app */;
			productType = "com.apple.product-type.application";
		};
		5467694F26A9EF6A00DDD5E8 /* MeshikokoAppTests */ = {
			isa = PBXNativeTarget;
			buildConfigurationList = 5467696726A9EF6A00DDD5E8 /* Build configuration list for PBXNativeTarget "MeshikokoAppTests" */;
			buildPhases = (
				5467694C26A9EF6A00DDD5E8 /* Sources */,
				5467694D26A9EF6A00DDD5E8 /* Frameworks */,
				5467694E26A9EF6A00DDD5E8 /* Resources */,
			);
			buildRules = (
			);
			dependencies = (
				5467695226A9EF6A00DDD5E8 /* PBXTargetDependency */,
			);
			name = MeshikokoAppTests;
			productName = MeshikokoAppTests;
			productReference = 5467695026A9EF6A00DDD5E8 /* MeshikokoAppTests.xctest */;
			productType = "com.apple.product-type.bundle.unit-test";
		};
		5467695A26A9EF6A00DDD5E8 /* MeshikokoAppUITests */ = {
			isa = PBXNativeTarget;
			buildConfigurationList = 5467696A26A9EF6A00DDD5E8 /* Build configuration list for PBXNativeTarget "MeshikokoAppUITests" */;
			buildPhases = (
				5467695726A9EF6A00DDD5E8 /* Sources */,
				5467695826A9EF6A00DDD5E8 /* Frameworks */,
				5467695926A9EF6A00DDD5E8 /* Resources */,
			);
			buildRules = (
			);
			dependencies = (
				5467695D26A9EF6A00DDD5E8 /* PBXTargetDependency */,
			);
			name = MeshikokoAppUITests;
			productName = MeshikokoAppUITests;
			productReference = 5467695B26A9EF6A00DDD5E8 /* MeshikokoAppUITests.xctest */;
			productType = "com.apple.product-type.bundle.ui-testing";
		};
/* End PBXNativeTarget section */

/* Begin PBXProject section */
		5467693726A9EF6300DDD5E8 /* Project object */ = {
			isa = PBXProject;
			attributes = {
				LastSwiftUpdateCheck = 1240;
				LastUpgradeCheck = 1240;
				TargetAttributes = {
					5467693E26A9EF6300DDD5E8 = {
						CreatedOnToolsVersion = 12.4;
					};
					5467694F26A9EF6A00DDD5E8 = {
						CreatedOnToolsVersion = 12.4;
						TestTargetID = 5467693E26A9EF6300DDD5E8;
					};
					5467695A26A9EF6A00DDD5E8 = {
						CreatedOnToolsVersion = 12.4;
						TestTargetID = 5467693E26A9EF6300DDD5E8;
					};
				};
			};
			buildConfigurationList = 5467693A26A9EF6300DDD5E8 /* Build configuration list for PBXProject "MeshikokoApp" */;
			compatibilityVersion = "Xcode 9.3";
			developmentRegion = en;
			hasScannedForEncodings = 0;
			knownRegions = (
				en,
				Base,
			);
			mainGroup = 5467693626A9EF6300DDD5E8;
			productRefGroup = 5467694026A9EF6300DDD5E8 /* Products */;
			projectDirPath = "";
			projectRoot = "";
			targets = (
				5467693E26A9EF6300DDD5E8 /* MeshikokoApp */,
				5467694F26A9EF6A00DDD5E8 /* MeshikokoAppTests */,
				5467695A26A9EF6A00DDD5E8 /* MeshikokoAppUITests */,
			);
		};
/* End PBXProject section */

/* Begin PBXResourcesBuildPhase section */
		5467693D26A9EF6300DDD5E8 /* Resources */ = {
			isa = PBXResourcesBuildPhase;
			buildActionMask = 2147483647;
			files = (
				5467694A26A9EF6A00DDD5E8 /* Preview Assets.xcassets in Resources */,
				54CA7D5226AABB0D00112420 /* restaurants.json in Resources */,
				5467694726A9EF6A00DDD5E8 /* Assets.xcassets in Resources */,
			);
			runOnlyForDeploymentPostprocessing = 0;
		};
		5467694E26A9EF6A00DDD5E8 /* Resources */ = {
			isa = PBXResourcesBuildPhase;
			buildActionMask = 2147483647;
			files = (
			);
			runOnlyForDeploymentPostprocessing = 0;
		};
		5467695926A9EF6A00DDD5E8 /* Resources */ = {
			isa = PBXResourcesBuildPhase;
			buildActionMask = 2147483647;
			files = (
			);
			runOnlyForDeploymentPostprocessing = 0;
		};
/* End PBXResourcesBuildPhase section */

/* Begin PBXSourcesBuildPhase section */
		5467693B26A9EF6300DDD5E8 /* Sources */ = {
			isa = PBXSourcesBuildPhase;
			buildActionMask = 2147483647;
			files = (
				5413327F26BEC73D00940953 /* ApiClient.swift in Sources */,
				54D9F27A26ADAD660004A5FC /* CreateRestaurant.swift in Sources */,
				54CA7D5726AABCA900112420 /* RestaurantsList.swift in Sources */,
				54CA7D4A26AA9CE700112420 /* Restaurant.swift in Sources */,
				5467697126A9F69100DDD5E8 /* RestaurantDetail.swift in Sources */,
				54D9F27526AD70B50004A5FC /* FetchRestaurantList.swift in Sources */,
				5467697626A9FB4900DDD5E8 /* MapView.swift in Sources */,
				5467694526A9EF6300DDD5E8 /* ContentView.swift in Sources */,
				5413327A26BEC3C300940953 /* Config.swift in Sources */,
				54CA7D5C26AABCF600112420 /* RestaurantRow.swift in Sources */,
				5467694326A9EF6300DDD5E8 /* MeshikokoAppApp.swift in Sources */,
			);
			runOnlyForDeploymentPostprocessing = 0;
		};
		5467694C26A9EF6A00DDD5E8 /* Sources */ = {
			isa = PBXSourcesBuildPhase;
			buildActionMask = 2147483647;
			files = (
				5467695526A9EF6A00DDD5E8 /* MeshikokoAppTests.swift in Sources */,
			);
			runOnlyForDeploymentPostprocessing = 0;
		};
		5467695726A9EF6A00DDD5E8 /* Sources */ = {
			isa = PBXSourcesBuildPhase;
			buildActionMask = 2147483647;
			files = (
				5467696026A9EF6A00DDD5E8 /* MeshikokoAppUITests.swift in Sources */,
			);
			runOnlyForDeploymentPostprocessing = 0;
		};
/* End PBXSourcesBuildPhase section */

/* Begin PBXTargetDependency section */
		5467695226A9EF6A00DDD5E8 /* PBXTargetDependency */ = {
			isa = PBXTargetDependency;
			target = 5467693E26A9EF6300DDD5E8 /* MeshikokoApp */;
			targetProxy = 5467695126A9EF6A00DDD5E8 /* PBXContainerItemProxy */;
		};
		5467695D26A9EF6A00DDD5E8 /* PBXTargetDependency */ = {
			isa = PBXTargetDependency;
			target = 5467693E26A9EF6300DDD5E8 /* MeshikokoApp */;
			targetProxy = 5467695C26A9EF6A00DDD5E8 /* PBXContainerItemProxy */;
		};
/* End PBXTargetDependency section */

/* Begin XCBuildConfiguration section */
		5467696226A9EF6A00DDD5E8 /* Debug */ = {
			isa = XCBuildConfiguration;
			buildSettings = {
				ALWAYS_SEARCH_USER_PATHS = NO;
				CLANG_ANALYZER_NONNULL = YES;
				CLANG_ANALYZER_NUMBER_OBJECT_CONVERSION = YES_AGGRESSIVE;
				CLANG_CXX_LANGUAGE_STANDARD = "gnu++14";
				CLANG_CXX_LIBRARY = "libc++";
				CLANG_ENABLE_MODULES = YES;
				CLANG_ENABLE_OBJC_ARC = YES;
				CLANG_ENABLE_OBJC_WEAK = YES;
				CLANG_WARN_BLOCK_CAPTURE_AUTORELEASING = YES;
				CLANG_WARN_BOOL_CONVERSION = YES;
				CLANG_WARN_COMMA = YES;
				CLANG_WARN_CONSTANT_CONVERSION = YES;
				CLANG_WARN_DEPRECATED_OBJC_IMPLEMENTATIONS = YES;
				CLANG_WARN_DIRECT_OBJC_ISA_USAGE = YES_ERROR;
				CLANG_WARN_DOCUMENTATION_COMMENTS = YES;
				CLANG_WARN_EMPTY_BODY = YES;
				CLANG_WARN_ENUM_CONVERSION = YES;
				CLANG_WARN_INFINITE_RECURSION = YES;
				CLANG_WARN_INT_CONVERSION = YES;
				CLANG_WARN_NON_LITERAL_NULL_CONVERSION = YES;
				CLANG_WARN_OBJC_IMPLICIT_RETAIN_SELF = YES;
				CLANG_WARN_OBJC_LITERAL_CONVERSION = YES;
				CLANG_WARN_OBJC_ROOT_CLASS = YES_ERROR;
				CLANG_WARN_QUOTED_INCLUDE_IN_FRAMEWORK_HEADER = YES;
				CLANG_WARN_RANGE_LOOP_ANALYSIS = YES;
				CLANG_WARN_STRICT_PROTOTYPES = YES;
				CLANG_WARN_SUSPICIOUS_MOVE = YES;
				CLANG_WARN_UNGUARDED_AVAILABILITY = YES_AGGRESSIVE;
				CLANG_WARN_UNREACHABLE_CODE = YES;
				CLANG_WARN__DUPLICATE_METHOD_MATCH = YES;
				COPY_PHASE_STRIP = NO;
				DEBUG_INFORMATION_FORMAT = dwarf;
				ENABLE_STRICT_OBJC_MSGSEND = YES;
				ENABLE_TESTABILITY = YES;
				GCC_C_LANGUAGE_STANDARD = gnu11;
				GCC_DYNAMIC_NO_PIC = NO;
				GCC_NO_COMMON_BLOCKS = YES;
				GCC_OPTIMIZATION_LEVEL = 0;
				GCC_PREPROCESSOR_DEFINITIONS = (
					"DEBUG=1",
					"$(inherited)",
				);
				GCC_WARN_64_TO_32_BIT_CONVERSION = YES;
				GCC_WARN_ABOUT_RETURN_TYPE = YES_ERROR;
				GCC_WARN_UNDECLARED_SELECTOR = YES;
				GCC_WARN_UNINITIALIZED_AUTOS = YES_AGGRESSIVE;
				GCC_WARN_UNUSED_FUNCTION = YES;
				GCC_WARN_UNUSED_VARIABLE = YES;
				IPHONEOS_DEPLOYMENT_TARGET = 14.4;
				MTL_ENABLE_DEBUG_INFO = INCLUDE_SOURCE;
				MTL_FAST_MATH = YES;
				ONLY_ACTIVE_ARCH = YES;
				SDKROOT = iphoneos;
				SWIFT_ACTIVE_COMPILATION_CONDITIONS = DEBUG;
				SWIFT_OPTIMIZATION_LEVEL = "-Onone";
			};
			name = Debug;
		};
		5467696326A9EF6A00DDD5E8 /* Release */ = {
			isa = XCBuildConfiguration;
			buildSettings = {
				ALWAYS_SEARCH_USER_PATHS = NO;
				CLANG_ANALYZER_NONNULL = YES;
				CLANG_ANALYZER_NUMBER_OBJECT_CONVERSION = YES_AGGRESSIVE;
				CLANG_CXX_LANGUAGE_STANDARD = "gnu++14";
				CLANG_CXX_LIBRARY = "libc++";
				CLANG_ENABLE_MODULES = YES;
				CLANG_ENABLE_OBJC_ARC = YES;
				CLANG_ENABLE_OBJC_WEAK = YES;
				CLANG_WARN_BLOCK_CAPTURE_AUTORELEASING = YES;
				CLANG_WARN_BOOL_CONVERSION = YES;
				CLANG_WARN_COMMA = YES;
				CLANG_WARN_CONSTANT_CONVERSION = YES;
				CLANG_WARN_DEPRECATED_OBJC_IMPLEMENTATIONS = YES;
				CLANG_WARN_DIRECT_OBJC_ISA_USAGE = YES_ERROR;
				CLANG_WARN_DOCUMENTATION_COMMENTS = YES;
				CLANG_WARN_EMPTY_BODY = YES;
				CLANG_WARN_ENUM_CONVERSION = YES;
				CLANG_WARN_INFINITE_RECURSION = YES;
				CLANG_WARN_INT_CONVERSION = YES;
				CLANG_WARN_NON_LITERAL_NULL_CONVERSION = YES;
				CLANG_WARN_OBJC_IMPLICIT_RETAIN_SELF = YES;
				CLANG_WARN_OBJC_LITERAL_CONVERSION = YES;
				CLANG_WARN_OBJC_ROOT_CLASS = YES_ERROR;
				CLANG_WARN_QUOTED_INCLUDE_IN_FRAMEWORK_HEADER = YES;
				CLANG_WARN_RANGE_LOOP_ANALYSIS = YES;
				CLANG_WARN_STRICT_PROTOTYPES = YES;
				CLANG_WARN_SUSPICIOUS_MOVE = YES;
				CLANG_WARN_UNGUARDED_AVAILABILITY = YES_AGGRESSIVE;
				CLANG_WARN_UNREACHABLE_CODE = YES;
				CLANG_WARN__DUPLICATE_METHOD_MATCH = YES;
				COPY_PHASE_STRIP = NO;
				DEBUG_INFORMATION_FORMAT = "dwarf-with-dsym";
				ENABLE_NS_ASSERTIONS = NO;
				ENABLE_STRICT_OBJC_MSGSEND = YES;
				GCC_C_LANGUAGE_STANDARD = gnu11;
				GCC_NO_COMMON_BLOCKS = YES;
				GCC_WARN_64_TO_32_BIT_CONVERSION = YES;
				GCC_WARN_ABOUT_RETURN_TYPE = YES_ERROR;
				GCC_WARN_UNDECLARED_SELECTOR = YES;
				GCC_WARN_UNINITIALIZED_AUTOS = YES_AGGRESSIVE;
				GCC_WARN_UNUSED_FUNCTION = YES;
				GCC_WARN_UNUSED_VARIABLE = YES;
				IPHONEOS_DEPLOYMENT_TARGET = 14.4;
				MTL_ENABLE_DEBUG_INFO = NO;
				MTL_FAST_MATH = YES;
				SDKROOT = iphoneos;
				SWIFT_COMPILATION_MODE = wholemodule;
				SWIFT_OPTIMIZATION_LEVEL = "-O";
				VALIDATE_PRODUCT = YES;
			};
			name = Release;
		};
		5467696526A9EF6A00DDD5E8 /* Debug */ = {
			isa = XCBuildConfiguration;
			buildSettings = {
				ASSETCATALOG_COMPILER_APPICON_NAME = AppIcon;
				ASSETCATALOG_COMPILER_GLOBAL_ACCENT_COLOR_NAME = AccentColor;
				CODE_SIGN_STYLE = Automatic;
				DEVELOPMENT_ASSET_PATHS = "\"MeshikokoApp/Preview Content\"";
				DEVELOPMENT_TEAM = SW6WG4FN58;
				ENABLE_PREVIEWS = YES;
				INFOPLIST_FILE = MeshikokoApp/Info.plist;
				IPHONEOS_DEPLOYMENT_TARGET = 14.0;
				LD_RUNPATH_SEARCH_PATHS = (
					"$(inherited)",
					"@executable_path/Frameworks",
				);
				PRODUCT_BUNDLE_IDENTIFIER = kusha.MeshikokoApp;
				PRODUCT_NAME = "$(TARGET_NAME)";
				SWIFT_VERSION = 5.0;
				TARGETED_DEVICE_FAMILY = "1,2";
			};
			name = Debug;
		};
		5467696626A9EF6A00DDD5E8 /* Release */ = {
			isa = XCBuildConfiguration;
			buildSettings = {
				ASSETCATALOG_COMPILER_APPICON_NAME = AppIcon;
				ASSETCATALOG_COMPILER_GLOBAL_ACCENT_COLOR_NAME = AccentColor;
				CODE_SIGN_STYLE = Automatic;
				DEVELOPMENT_ASSET_PATHS = "\"MeshikokoApp/Preview Content\"";
				DEVELOPMENT_TEAM = SW6WG4FN58;
				ENABLE_PREVIEWS = YES;
				INFOPLIST_FILE = MeshikokoApp/Info.plist;
				IPHONEOS_DEPLOYMENT_TARGET = 14.0;
				LD_RUNPATH_SEARCH_PATHS = (
					"$(inherited)",
					"@executable_path/Frameworks",
				);
				PRODUCT_BUNDLE_IDENTIFIER = kusha.MeshikokoApp;
				PRODUCT_NAME = "$(TARGET_NAME)";
				SWIFT_VERSION = 5.0;
				TARGETED_DEVICE_FAMILY = "1,2";
			};
			name = Release;
		};
		5467696826A9EF6A00DDD5E8 /* Debug */ = {
			isa = XCBuildConfiguration;
			buildSettings = {
				ALWAYS_EMBED_SWIFT_STANDARD_LIBRARIES = YES;
				BUNDLE_LOADER = "$(TEST_HOST)";
				CODE_SIGN_STYLE = Automatic;
				DEVELOPMENT_TEAM = SW6WG4FN58;
				INFOPLIST_FILE = MeshikokoAppTests/Info.plist;
				IPHONEOS_DEPLOYMENT_TARGET = 14.0;
				LD_RUNPATH_SEARCH_PATHS = (
					"$(inherited)",
					"@executable_path/Frameworks",
					"@loader_path/Frameworks",
				);
				PRODUCT_BUNDLE_IDENTIFIER = kusha.MeshikokoAppTests;
				PRODUCT_NAME = "$(TARGET_NAME)";
				SWIFT_VERSION = 5.0;
				TARGETED_DEVICE_FAMILY = "1,2";
				TEST_HOST = "$(BUILT_PRODUCTS_DIR)/MeshikokoApp.app/MeshikokoApp";
			};
			name = Debug;
		};
		5467696926A9EF6A00DDD5E8 /* Release */ = {
			isa = XCBuildConfiguration;
			buildSettings = {
				ALWAYS_EMBED_SWIFT_STANDARD_LIBRARIES = YES;
				BUNDLE_LOADER = "$(TEST_HOST)";
				CODE_SIGN_STYLE = Automatic;
				DEVELOPMENT_TEAM = SW6WG4FN58;
				INFOPLIST_FILE = MeshikokoAppTests/Info.plist;
				IPHONEOS_DEPLOYMENT_TARGET = 14.0;
				LD_RUNPATH_SEARCH_PATHS = (
					"$(inherited)",
					"@executable_path/Frameworks",
					"@loader_path/Frameworks",
				);
				PRODUCT_BUNDLE_IDENTIFIER = kusha.MeshikokoAppTests;
				PRODUCT_NAME = "$(TARGET_NAME)";
				SWIFT_VERSION = 5.0;
				TARGETED_DEVICE_FAMILY = "1,2";
				TEST_HOST = "$(BUILT_PRODUCTS_DIR)/MeshikokoApp.app/MeshikokoApp";
			};
			name = Release;
		};
		5467696B26A9EF6A00DDD5E8 /* Debug */ = {
			isa = XCBuildConfiguration;
			buildSettings = {
				ALWAYS_EMBED_SWIFT_STANDARD_LIBRARIES = YES;
				CODE_SIGN_STYLE = Automatic;
				DEVELOPMENT_TEAM = SW6WG4FN58;
				INFOPLIST_FILE = MeshikokoAppUITests/Info.plist;
				LD_RUNPATH_SEARCH_PATHS = (
					"$(inherited)",
					"@executable_path/Frameworks",
					"@loader_path/Frameworks",
				);
				PRODUCT_BUNDLE_IDENTIFIER = kusha.MeshikokoAppUITests;
				PRODUCT_NAME = "$(TARGET_NAME)";
				SWIFT_VERSION = 5.0;
				TARGETED_DEVICE_FAMILY = "1,2";
				TEST_TARGET_NAME = MeshikokoApp;
			};
			name = Debug;
		};
		5467696C26A9EF6A00DDD5E8 /* Release */ = {
			isa = XCBuildConfiguration;
			buildSettings = {
				ALWAYS_EMBED_SWIFT_STANDARD_LIBRARIES = YES;
				CODE_SIGN_STYLE = Automatic;
				DEVELOPMENT_TEAM = SW6WG4FN58;
				INFOPLIST_FILE = MeshikokoAppUITests/Info.plist;
				LD_RUNPATH_SEARCH_PATHS = (
					"$(inherited)",
					"@executable_path/Frameworks",
					"@loader_path/Frameworks",
				);
				PRODUCT_BUNDLE_IDENTIFIER = kusha.MeshikokoAppUITests;
				PRODUCT_NAME = "$(TARGET_NAME)";
				SWIFT_VERSION = 5.0;
				TARGETED_DEVICE_FAMILY = "1,2";
				TEST_TARGET_NAME = MeshikokoApp;
			};
			name = Release;
		};
/* End XCBuildConfiguration section */

/* Begin XCConfigurationList section */
		5467693A26A9EF6300DDD5E8 /* Build configuration list for PBXProject "MeshikokoApp" */ = {
			isa = XCConfigurationList;
			buildConfigurations = (
				5467696226A9EF6A00DDD5E8 /* Debug */,
				5467696326A9EF6A00DDD5E8 /* Release */,
			);
			defaultConfigurationIsVisible = 0;
			defaultConfigurationName = Release;
		};
		5467696426A9EF6A00DDD5E8 /* Build configuration list for PBXNativeTarget "MeshikokoApp" */ = {
			isa = XCConfigurationList;
			buildConfigurations = (
				5467696526A9EF6A00DDD5E8 /* Debug */,
				5467696626A9EF6A00DDD5E8 /* Release */,
			);
			defaultConfigurationIsVisible = 0;
			defaultConfigurationName = Release;
		};
		5467696726A9EF6A00DDD5E8 /* Build configuration list for PBXNativeTarget "MeshikokoAppTests" */ = {
			isa = XCConfigurationList;
			buildConfigurations = (
				5467696826A9EF6A00DDD5E8 /* Debug */,
				5467696926A9EF6A00DDD5E8 /* Release */,
			);
			defaultConfigurationIsVisible = 0;
			defaultConfigurationName = Release;
		};
		5467696A26A9EF6A00DDD5E8 /* Build configuration list for PBXNativeTarget "MeshikokoAppUITests" */ = {
			isa = XCConfigurationList;
			buildConfigurations = (
				5467696B26A9EF6A00DDD5E8 /* Debug */,
				5467696C26A9EF6A00DDD5E8 /* Release */,
			);
			defaultConfigurationIsVisible = 0;
			defaultConfigurationName = Release;
		};
/* End XCConfigurationList section */
	};
	rootObject = 5467693726A9EF6300DDD5E8 /* Project object */;
}
